
Microsoft Visual Studio Solution File, Format Version 12.00
# Visual Studio Version 17
VisualStudioVersion = 17.14.35821.62 d17.14
MinimumVisualStudioVersion = 10.0.40219.1
Project("{FAE04EC0-301F-11D3-BF4B-00C04F79EFBC}") = "MuhtarlikTebgigatSistemi", "MuhtarlikTebgigatSistemi\MuhtarlikTebgigatSistemi.csproj", "{CAF5F1C0-9C53-4207-9205-BA68F4D094AD}"
EndProject
Global
	GlobalSection(SolutionConfigurationPlatforms) = preSolution
		Debug|Any CPU = Debug|Any CPU
		Release|Any CPU = Release|Any CPU
	EndGlobalSection
	GlobalSection(ProjectConfigurationPlatforms) = postSolution
		{CAF5F1C0-9C53-4207-9205-BA68F4D094AD}.Debug|Any CPU.ActiveCfg = Debug|Any CPU
		{CAF5F1C0-9C53-4207-9205-BA68F4D094AD}.Debug|Any CPU.Build.0 = Debug|Any CPU
		{CAF5F1C0-9C53-4207-9205-BA68F4D094AD}.Release|Any CPU.ActiveCfg = Release|Any CPU
		{CAF5F1C0-9C53-4207-9205-BA68F4D094AD}.Release|Any CPU.Build.0 = Release|Any CPU
	EndGlobalSection
	GlobalSection(SolutionProperties) = preSolution
		HideSolutionNode = FALSE
	EndGlobalSection
	GlobalSection(ExtensibilityGlobals) = postSolution
		SolutionGuid = {7E21FF12-A0E5-4627-BA01-A2821F8518C9}
	EndGlobalSection
EndGlobal
